Microsoft Visual Studio Solution File, Format Version 12.00
# Visual Studio Version 16
VisualStudioVersion = 16.0.30413.136
MinimumVisualStudioVersion = 10.0.40219.1
Project("{9A19103F-16F7-4668-BE54-9A1E7A4F7556}") = "WebApplication", "WebApplication\WebApplication.csproj", "{4D050812-E340-433E-BE36-9822A8C076C4}"
EndProject
Project("{9A19103F-16F7-4668-BE54-9A1E7A4F7556}") = "WebCommon", "WebCommon\WebCommon.csproj", "{49B66D24-4822-4C39-B80C-916D27F53A97}"
EndProject
Project("{9A19103F-16F7-4668-BE54-9A1E7A4F7556}") = "BusinessLayer", "BusinessLayer\BusinessLayer.csproj", "{37CF3FF1-7C54-47F4-AE4E-CA8FB7126E66}"
EndProject
Project("{9A19103F-16F7-4668-BE54-9A1E7A4F7556}") = "Models", "Models\Models.csproj", "{F98EEA36-1EF3-40F8-B516-6B92E0D2F55D}"
EndProject
Project("{9A19103F-16F7-4668-BE54-9A1E7A4F7556}") = "Common", "Common\Common.csproj", "{5DCECA3E-A579-48CC-A4F0-3D02CDC1D6CC}"
EndProject
Project("{2150E333-8FDC-42A3-9474-1A3956D46DE8}") = "UnitTests", "UnitTests", "{A07BC1E1-8A30-4247-87AF-0DC989908228}"
EndProject
Project("{9A19103F-16F7-4668-BE54-9A1E7A4F7556}") = "Common.Test", "Common.Test\Common.Test.csproj", "{9507774E-E956-49EC-A3A2-8DF8ADB7FD82}"
EndProject
Project("{FAE04EC0-301F-11D3-BF4B-00C04F79EFBC}") = "Models.Test", "Models.Test\Models.Test.csproj", "{3F4F6090-399A-45A8-8AFB-7B4BC1828B19}"
EndProject
Project("{FAE04EC0-301F-11D3-BF4B-00C04F79EFBC}") = "BusinessLayer.Test", "BusinessLayer.Test\BusinessLayer.Test.csproj", "{5D6464F9-9B3B-46D4-9EBF-D79444DC3BD5}"
EndProject
Project("{FAE04EC0-301F-11D3-BF4B-00C04F79EFBC}") = "WebCommon.Test", "WebCommon.Test\WebCommon.Test.csproj", "{26B33395-9BF3-4572-A33C-27D8A7487E8E}"
EndProject
Project("{FAE04EC0-301F-11D3-BF4B-00C04F79EFBC}") = "WebApplication.Test", "WebApplication.Test\WebApplication.Test.csproj", "{D93AEF57-8AD2-48B9-A52B-8013F2DB59EB}"
EndProject
Global
	GlobalSection(SolutionConfigurationPlatforms) = preSolution
		Debug|Any CPU = Debug|Any CPU
		Release|Any CPU = Release|Any CPU
	EndGlobalSection
	GlobalSection(ProjectConfigurationPlatforms) = postSolution
		{4D050812-E340-433E-BE36-9822A8C076C4}.Debug|Any CPU.ActiveCfg = Debug|Any CPU
		{4D050812-E340-433E-BE36-9822A8C076C4}.Debug|Any CPU.Build.0 = Debug|Any CPU
		{4D050812-E340-433E-BE36-9822A8C076C4}.Release|Any CPU.ActiveCfg = Release|Any CPU
		{4D050812-E340-433E-BE36-9822A8C076C4}.Release|Any CPU.Build.0 = Release|Any CPU
		{49B66D24-4822-4C39-B80C-916D27F53A97}.Debug|Any CPU.ActiveCfg = Debug|Any CPU
		{49B66D24-4822-4C39-B80C-916D27F53A97}.Debug|Any CPU.Build.0 = Debug|Any CPU
		{49B66D24-4822-4C39-B80C-916D27F53A97}.Release|Any CPU.ActiveCfg = Release|Any CPU
		{49B66D24-4822-4C39-B80C-916D27F53A97}.Release|Any CPU.Build.0 = Release|Any CPU
		{37CF3FF1-7C54-47F4-AE4E-CA8FB7126E66}.Debug|Any CPU.ActiveCfg = Debug|Any CPU
		{37CF3FF1-7C54-47F4-AE4E-CA8FB7126E66}.Debug|Any CPU.Build.0 = Debug|Any CPU
		{37CF3FF1-7C54-47F4-AE4E-CA8FB7126E66}.Release|Any CPU.ActiveCfg = Release|Any CPU
		{37CF3FF1-7C54-47F4-AE4E-CA8FB7126E66}.Release|Any CPU.Build.0 = Release|Any CPU
		{F98EEA36-1EF3-40F8-B516-6B92E0D2F55D}.Debug|Any CPU.ActiveCfg = Debug|Any CPU
		{F98EEA36-1EF3-40F8-B516-6B92E0D2F55D}.Debug|Any CPU.Build.0 = Debug|Any CPU
		{F98EEA36-1EF3-40F8-B516-6B92E0D2F55D}.Release|Any CPU.ActiveCfg = Release|Any CPU
		{F98EEA36-1EF3-40F8-B516-6B92E0D2F55D}.Release|Any CPU.Build.0 = Release|Any CPU
		{5DCECA3E-A579-48CC-A4F0-3D02CDC1D6CC}.Debug|Any CPU.ActiveCfg = Debug|Any CPU
		{5DCECA3E-A579-48CC-A4F0-3D02CDC1D6CC}.Debug|Any CPU.Build.0 = Debug|Any CPU
		{5DCECA3E-A579-48CC-A4F0-3D02CDC1D6CC}.Release|Any CPU.ActiveCfg = Release|Any CPU
		{5DCECA3E-A579-48CC-A4F0-3D02CDC1D6CC}.Release|Any CPU.Build.0 = Release|Any CPU
		{9507774E-E956-49EC-A3A2-8DF8ADB7FD82}.Debug|Any CPU.ActiveCfg = Debug|Any CPU
		{9507774E-E956-49EC-A3A2-8DF8ADB7FD82}.Debug|Any CPU.Build.0 = Debug|Any CPU
		{9507774E-E956-49EC-A3A2-8DF8ADB7FD82}.Release|Any CPU.ActiveCfg = Release|Any CPU
		{9507774E-E956-49EC-A3A2-8DF8ADB7FD82}.Release|Any CPU.Build.0 = Release|Any CPU
		{3F4F6090-399A-45A8-8AFB-7B4BC1828B19}.Debug|Any CPU.ActiveCfg = Debug|Any CPU
		{3F4F6090-399A-45A8-8AFB-7B4BC1828B19}.Debug|Any CPU.Build.0 = Debug|Any CPU
		{3F4F6090-399A-45A8-8AFB-7B4BC1828B19}.Release|Any CPU.ActiveCfg = Release|Any CPU
		{3F4F6090-399A-45A8-8AFB-7B4BC1828B19}.Release|Any CPU.Build.0 = Release|Any CPU
		{5D6464F9-9B3B-46D4-9EBF-D79444DC3BD5}.Debug|Any CPU.ActiveCfg = Debug|Any CPU
		{5D6464F9-9B3B-46D4-9EBF-D79444DC3BD5}.Debug|Any CPU.Build.0 = Debug|Any CPU
		{5D6464F9-9B3B-46D4-9EBF-D79444DC3BD5}.Release|Any CPU.ActiveCfg = Release|Any CPU
		{5D6464F9-9B3B-46D4-9EBF-D79444DC3BD5}.Release|Any CPU.Build.0 = Release|Any CPU
		{26B33395-9BF3-4572-A33C-27D8A7487E8E}.Debug|Any CPU.ActiveCfg = Debug|Any CPU
		{26B33395-9BF3-4572-A33C-27D8A7487E8E}.Debug|Any CPU.Build.0 = Debug|Any CPU
		{26B33395-9BF3-4572-A33C-27D8A7487E8E}.Release|Any CPU.ActiveCfg = Release|Any CPU
		{26B33395-9BF3-4572-A33C-27D8A7487E8E}.Release|Any CPU.Build.0 = Release|Any CPU
		{D93AEF57-8AD2-48B9-A52B-8013F2DB59EB}.Debug|Any CPU.ActiveCfg = Debug|Any CPU
		{D93AEF57-8AD2-48B9-A52B-8013F2DB59EB}.Debug|Any CPU.Build.0 = Debug|Any CPU
		{D93AEF57-8AD2-48B9-A52B-8013F2DB59EB}.Release|Any CPU.ActiveCfg = Release|Any CPU
		{D93AEF57-8AD2-48B9-A52B-8013F2DB59EB}.Release|Any CPU.Build.0 = Release|Any CPU
	EndGlobalSection
	GlobalSection(SolutionProperties) = preSolution
		HideSolutionNode = FALSE
	EndGlobalSection
	GlobalSection(NestedProjects) = preSolution
		{9507774E-E956-49EC-A3A2-8DF8ADB7FD82} = {A07BC1E1-8A30-4247-87AF-0DC989908228}
		{3F4F6090-399A-45A8-8AFB-7B4BC1828B19} = {A07BC1E1-8A30-4247-87AF-0DC989908228}
		{5D6464F9-9B3B-46D4-9EBF-D79444DC3BD5} = {A07BC1E1-8A30-4247-87AF-0DC989908228}
		{26B33395-9BF3-4572-A33C-27D8A7487E8E} = {A07BC1E1-8A30-4247-87AF-0DC989908228}
		{D93AEF57-8AD2-48B9-A52B-8013F2DB59EB} = {A07BC1E1-8A30-4247-87AF-0DC989908228}
	EndGlobalSection
	GlobalSection(ExtensibilityGlobals) = postSolution
		SolutionGuid = {4D57A70B-9271-4587-96AA-994F356585BD}
	EndGlobalSection
EndGlobal
